
Microsoft Visual Studio Solution File, Format Version 12.00
# Visual Studio 2012
Project("{FAE04EC0-301F-11D3-BF4B-00C04F79EFBC}") = "Compiler", "LineParser\Compiler.csproj", "{C58A9D4D-2F9B-405D-BE58-27163A50CF5F}"
EndProject
Global
	GlobalSection(SolutionConfigurationPlatforms) = preSolution
		Debug|Any CPU = Debug|Any CPU
		Release|Any CPU = Release|Any CPU
	EndGlobalSection
	GlobalSection(ProjectConfigurationPlatforms) = postSolution
		{C58A9D4D-2F9B-405D-BE58-27163A50CF5F}.Debug|Any CPU.ActiveCfg = Debug|Any CPU
		{C58A9D4D-2F9B-405D-BE58-27163A50CF5F}.Debug|Any CPU.Build.0 = Debug|Any CPU
		{C58A9D4D-2F9B-405D-BE58-27163A50CF5F}.Release|Any CPU.ActiveCfg = Release|Any CPU
		{C58A9D4D-2F9B-405D-BE58-27163A50CF5F}.Release|Any CPU.Build.0 = Release|Any CPU
	EndGlobalSection
EndGlobal
